
Microsoft Visual Studio Solution File, Format Version 12.00
# Visual Studio Version 17
VisualStudioVersion = 17.9.34902.65
MinimumVisualStudioVersion = 10.0.40219.1
Project("{9A19103F-16F7-4668-BE54-9A1E7A4F7556}") = "HospitalAdmissionApp.Server", "Server\HospitalAdmissionApp.Server.csproj", "{4DCAB205-FA17-4473-9C85-C1F256DD01EE}"
EndProject
Project("{9A19103F-16F7-4668-BE54-9A1E7A4F7556}") = "HospitalAdmissionApp.Client", "Client\HospitalAdmissionApp.Client.csproj", "{CF2E4587-D097-49C5-AE3B-CE7630D7829D}"
EndProject
Project("{9A19103F-16F7-4668-BE54-9A1E7A4F7556}") = "HospitalAdmissionApp.Shared", "Shared\HospitalAdmissionApp.Shared.csproj", "{043902EB-7B1D-4275-A4D1-D5DEF47F7DC9}"
EndProject
Global
	GlobalSection(SolutionConfigurationPlatforms) = preSolution
		Debug|Any CPU = Debug|Any CPU
		Release|Any CPU = Release|Any CPU
	EndGlobalSection
	GlobalSection(ProjectConfigurationPlatforms) = postSolution
		{4DCAB205-FA17-4473-9C85-C1F256DD01EE}.Debug|Any CPU.ActiveCfg = Debug|Any CPU
		{4DCAB205-FA17-4473-9C85-C1F256DD01EE}.Debug|Any CPU.Build.0 = Debug|Any CPU
		{4DCAB205-FA17-4473-9C85-C1F256DD01EE}.Release|Any CPU.ActiveCfg = Release|Any CPU
		{4DCAB205-FA17-4473-9C85-C1F256DD01EE}.Release|Any CPU.Build.0 = Release|Any CPU
		{CF2E4587-D097-49C5-AE3B-CE7630D7829D}.Debug|Any CPU.ActiveCfg = Debug|Any CPU
		{CF2E4587-D097-49C5-AE3B-CE7630D7829D}.Debug|Any CPU.Build.0 = Debug|Any CPU
		{CF2E4587-D097-49C5-AE3B-CE7630D7829D}.Release|Any CPU.ActiveCfg = Release|Any CPU
		{CF2E4587-D097-49C5-AE3B-CE7630D7829D}.Release|Any CPU.Build.0 = Release|Any CPU
		{043902EB-7B1D-4275-A4D1-D5DEF47F7DC9}.Debug|Any CPU.ActiveCfg = Debug|Any CPU
		{043902EB-7B1D-4275-A4D1-D5DEF47F7DC9}.Debug|Any CPU.Build.0 = Debug|Any CPU
		{043902EB-7B1D-4275-A4D1-D5DEF47F7DC9}.Release|Any CPU.ActiveCfg = Release|Any CPU
		{043902EB-7B1D-4275-A4D1-D5DEF47F7DC9}.Release|Any CPU.Build.0 = Release|Any CPU
	EndGlobalSection
	GlobalSection(SolutionProperties) = preSolution
		HideSolutionNode = FALSE
	EndGlobalSection
	GlobalSection(ExtensibilityGlobals) = postSolution
		SolutionGuid = {9446710C-6170-4A4B-9F98-B7995C96C557}
	EndGlobalSection
EndGlobal
